
Microsoft Visual Studio Solution File, Format Version 11.00
# Visual Studio 2010
Project("{FAE04EC0-301F-11D3-BF4B-00C04F79EFBC}") = "SayTheSong", "SayTheSong\SayTheSong\SayTheSong.csproj", "{60B98592-B6D4-42EB-8E31-1F810071C44A}"
EndProject
Project("{8BC9CEB8-8B4A-11D0-8D11-00A0C91BC942}") = "gen_SayTheSong", "SayTheSong\gen_SayTheSong\gen_SayTheSong.vcxproj", "{72855917-868E-4335-B2C5-47C2359D862D}"
EndProject
Global
	GlobalSection(SolutionConfigurationPlatforms) = preSolution
		Debug|Any CPU = Debug|Any CPU
		Debug|Mixed Platforms = Debug|Mixed Platforms
		Debug|Win32 = Debug|Win32
		Release|Any CPU = Release|Any CPU
		Release|Mixed Platforms = Release|Mixed Platforms
		Release|Win32 = Release|Win32
	EndGlobalSection
	GlobalSection(ProjectConfigurationPlatforms) = postSolution
		{60B98592-B6D4-42EB-8E31-1F810071C44A}.Debug|Any CPU.ActiveCfg = Debug|Any CPU
		{60B98592-B6D4-42EB-8E31-1F810071C44A}.Debug|Any CPU.Build.0 = Debug|Any CPU
		{60B98592-B6D4-42EB-8E31-1F810071C44A}.Debug|Mixed Platforms.ActiveCfg = Debug|Any CPU
		{60B98592-B6D4-42EB-8E31-1F810071C44A}.Debug|Mixed Platforms.Build.0 = Debug|Any CPU
		{60B98592-B6D4-42EB-8E31-1F810071C44A}.Debug|Win32.ActiveCfg = Debug|Any CPU
		{60B98592-B6D4-42EB-8E31-1F810071C44A}.Release|Any CPU.ActiveCfg = Release|Any CPU
		{60B98592-B6D4-42EB-8E31-1F810071C44A}.Release|Any CPU.Build.0 = Release|Any CPU
		{60B98592-B6D4-42EB-8E31-1F810071C44A}.Release|Mixed Platforms.ActiveCfg = Release|Any CPU
		{60B98592-B6D4-42EB-8E31-1F810071C44A}.Release|Mixed Platforms.Build.0 = Release|Any CPU
		{60B98592-B6D4-42EB-8E31-1F810071C44A}.Release|Win32.ActiveCfg = Release|Any CPU
		{72855917-868E-4335-B2C5-47C2359D862D}.Debug|Any CPU.ActiveCfg = Debug|Win32
		{72855917-868E-4335-B2C5-47C2359D862D}.Debug|Mixed Platforms.ActiveCfg = Debug|Win32
		{72855917-868E-4335-B2C5-47C2359D862D}.Debug|Mixed Platforms.Build.0 = Debug|Win32
		{72855917-868E-4335-B2C5-47C2359D862D}.Debug|Win32.ActiveCfg = Debug|Win32
		{72855917-868E-4335-B2C5-47C2359D862D}.Debug|Win32.Build.0 = Debug|Win32
		{72855917-868E-4335-B2C5-47C2359D862D}.Release|Any CPU.ActiveCfg = Release|Win32
		{72855917-868E-4335-B2C5-47C2359D862D}.Release|Mixed Platforms.ActiveCfg = Release|Win32
		{72855917-868E-4335-B2C5-47C2359D862D}.Release|Mixed Platforms.Build.0 = Release|Win32
		{72855917-868E-4335-B2C5-47C2359D862D}.Release|Win32.ActiveCfg = Release|Win32
		{72855917-868E-4335-B2C5-47C2359D862D}.Release|Win32.Build.0 = Release|Win32
	EndGlobalSection
	GlobalSection(SolutionProperties) = preSolution
		HideSolutionNode = FALSE
	EndGlobalSection
EndGlobal
